{
    "_readme": [
        "This file locks the dependencies of your project to a known state",
        "Read more about it at https://getcomposer.org/doc/01-basic-usage.md#composer-lock-the-lock-file",
        "This file is @generated automatically"
    ],
    "hash": "09f7778e44b5d3b80bcbdfa9c8933448",
    "content-hash": "dd0d4056ca03b0ab267a2204fb8131a9",
    "packages": [
        {
            "name": "back-2-95/fields",
            "version": "dev-master",
            "source": {
                "type": "git",
                "url": "https://github.com/back-2-95/fields.git",
                "reference": "82119bdbeee4f9b274305822ba2afca46a27c696"
            },
            "dist": {
                "type": "zip",
                "url": "https://api.github.com/repos/back-2-95/fields/zipball/82119bdbeee4f9b274305822ba2afca46a27c696",
                "reference": "82119bdbeee4f9b274305822ba2afca46a27c696",
                "shasum": ""
            },
            "require": {
                "php": "^7.0",
                "zendframework/zend-config": "2.*"
            },
            "require-dev": {
                "phpunit/phpunit": "5.*"
            },
            "type": "library",
            "autoload": {
                "psr-4": {
                    "BackTo95\\Fields\\": "src/"
                }
            },
            "notification-url": "https://packagist.org/downloads/",
            "authors": [
                {
                    "name": "Marko Korhonen",
                    "email": "marko.korhonen@gmail.com"
                }
            ],
            "description": "CRUD Fields API for PHP7",
            "homepage": "https://github.com/back-2-95/php-crud-fields",
            "time": "2016-03-28 18:30:55"
        },
        {
            "name": "container-interop/container-interop",
            "version": "1.1.0",
            "source": {
                "type": "git",
                "url": "https://github.com/container-interop/container-interop.git",
                "reference": "fc08354828f8fd3245f77a66b9e23a6bca48297e"
            },
            "dist": {
                "type": "zip",
                "url": "https://api.github.com/repos/container-interop/container-interop/zipball/fc08354828f8fd3245f77a66b9e23a6bca48297e",
                "reference": "fc08354828f8fd3245f77a66b9e23a6bca48297e",
                "shasum": ""
            },
            "type": "library",
            "autoload": {
                "psr-4": {
                    "Interop\\Container\\": "src/Interop/Container/"
                }
            },
            "notification-url": "https://packagist.org/downloads/",
            "license": [
                "MIT"
            ],
            "description": "Promoting the interoperability of container objects (DIC, SL, etc.)",
            "time": "2014-12-30 15:22:37"
        },
        {
            "name": "zendframework/zend-config",
            "version": "dev-develop",
            "source": {
                "type": "git",
                "url": "https://github.com/zendframework/zend-config.git",
                "reference": "ef8e216e5a991d6a889c00e9d445d52a5beb01ea"
            },
            "dist": {
                "type": "zip",
                "url": "https://api.github.com/repos/zendframework/zend-config/zipball/ef8e216e5a991d6a889c00e9d445d52a5beb01ea",
                "reference": "ef8e216e5a991d6a889c00e9d445d52a5beb01ea",
                "shasum": ""
            },
            "require": {
                "php": "^5.5 || ^7.0",
                "zendframework/zend-stdlib": "^2.7 || ^3.0"
            },
            "require-dev": {
                "fabpot/php-cs-fixer": "1.7.*",
                "phpunit/phpunit": "~4.0",
                "zendframework/zend-filter": "^2.6",
                "zendframework/zend-i18n": "^2.6",
                "zendframework/zend-json": "^2.6.1",
                "zendframework/zend-servicemanager": "^2.7.5 || ^3.0.3"
            },
            "suggest": {
                "zendframework/zend-filter": "Zend\\Filter component",
                "zendframework/zend-i18n": "Zend\\I18n component",
                "zendframework/zend-json": "Zend\\Json to use the Json reader or writer classes",
                "zendframework/zend-servicemanager": "Zend\\ServiceManager for use with the Config Factory to retrieve reader and writer instances"
            },
            "type": "library",
            "extra": {
                "branch-alias": {
                    "dev-master": "2.6-dev",
                    "dev-develop": "2.7-dev"
                }
            },
            "autoload": {
                "psr-4": {
                    "Zend\\Config\\": "src/"
                }
            },
            "notification-url": "https://packagist.org/downloads/",
            "license": [
                "BSD-3-Clause"
            ],
            "description": "provides a nested object property based user interface for accessing this configuration data within application code",
            "homepage": "https://github.com/zendframework/zend-config",
            "keywords": [
                "config",
                "zf2"
            ],
            "time": "2016-03-07 15:48:18"
        },
        {
            "name": "zendframework/zend-filter",
            "version": "dev-develop",
            "source": {
                "type": "git",
                "url": "https://github.com/zendframework/zend-filter.git",
                "reference": "43cb077118842d3c1fd6c667ecf389b939c26c31"
            },
            "dist": {
                "type": "zip",
                "url": "https://api.github.com/repos/zendframework/zend-filter/zipball/43cb077118842d3c1fd6c667ecf389b939c26c31",
                "reference": "43cb077118842d3c1fd6c667ecf389b939c26c31",
                "shasum": ""
            },
            "require": {
                "php": "^5.5 || ^7.0",
                "zendframework/zend-stdlib": "^2.7 || ^3.0"
            },
            "require-dev": {
                "fabpot/php-cs-fixer": "1.7.*",
                "pear/archive_tar": "^1.4",
                "phpunit/phpunit": "~4.0",
                "zendframework/zend-crypt": "^2.6",
                "zendframework/zend-servicemanager": "^2.7.5 || ^3.0.3",
                "zendframework/zend-uri": "^2.5"
            },
            "suggest": {
                "zendframework/zend-crypt": "Zend\\Crypt component, for encryption filters",
                "zendframework/zend-i18n": "Zend\\I18n component for filters depending on i18n functionality",
                "zendframework/zend-servicemanager": "Zend\\ServiceManager component, for using the filter chain functionality",
                "zendframework/zend-uri": "Zend\\Uri component, for the UriNormalize filter"
            },
            "type": "library",
            "extra": {
                "branch-alias": {
                    "dev-master": "2.7-dev",
                    "dev-develop": "2.8-dev"
                },
                "zf": {
                    "component": "Zend\\Filter",
                    "config-provider": "Zend\\Filter\\ConfigProvider"
                }
            },
            "autoload": {
                "psr-4": {
                    "Zend\\Filter\\": "src/"
                }
            },
            "notification-url": "https://packagist.org/downloads/",
            "license": [
                "BSD-3-Clause"
            ],
            "description": "provides a set of commonly needed data filters",
            "homepage": "https://github.com/zendframework/zend-filter",
            "keywords": [
                "filter",
                "zf2"
            ],
            "time": "2016-04-06 14:05:49"
        },
        {
            "name": "zendframework/zend-form",
            "version": "dev-master",
            "source": {
                "type": "git",
                "url": "https://github.com/zendframework/zend-form.git",
                "reference": "a7bcb98a078ff1deefc75f6ef03b7896ffbe5d24"
            },
            "dist": {
                "type": "zip",
                "url": "https://api.github.com/repos/zendframework/zend-form/zipball/a7bcb98a078ff1deefc75f6ef03b7896ffbe5d24",
                "reference": "a7bcb98a078ff1deefc75f6ef03b7896ffbe5d24",
                "shasum": ""
            },
            "require": {
                "php": "^5.5 || ^7.0",
                "zendframework/zend-hydrator": "^1.1 || ^2.1",
                "zendframework/zend-inputfilter": "^2.6",
                "zendframework/zend-stdlib": "^2.7 || ^3.0"
            },
            "require-dev": {
                "doctrine/annotations": "~1.0",
                "fabpot/php-cs-fixer": "1.7.*",
                "phpunit/phpunit": "~4.0",
                "zendframework/zend-cache": "^2.6.1",
                "zendframework/zend-captcha": "^2.5.4",
                "zendframework/zend-code": "^2.6",
                "zendframework/zend-eventmanager": "^2.6.2 || ^3.0",
                "zendframework/zend-filter": "^2.6",
                "zendframework/zend-i18n": "^2.6",
                "zendframework/zend-servicemanager": "^2.7.5 || ^3.0.3",
                "zendframework/zend-session": "^2.6.2",
                "zendframework/zend-text": "^2.6",
                "zendframework/zend-validator": "^2.6",
                "zendframework/zend-view": "^2.6.2",
                "zendframework/zendservice-recaptcha": "*"
            },
            "suggest": {
                "zendframework/zend-captcha": "Zend\\Captcha component",
                "zendframework/zend-code": "Zend\\Code component",
                "zendframework/zend-eventmanager": "Zend\\EventManager component",
                "zendframework/zend-filter": "Zend\\Filter component",
                "zendframework/zend-i18n": "Zend\\I18n component",
                "zendframework/zend-servicemanager": "Zend\\ServiceManager component",
                "zendframework/zend-validator": "Zend\\Validator component",
                "zendframework/zend-view": "Zend\\View component",
                "zendframework/zendservice-recaptcha": "ZendService\\ReCaptcha component"
            },
            "type": "library",
            "extra": {
                "branch-alias": {
                    "dev-master": "2.8-dev",
                    "dev-develop": "2.9-dev"
                },
                "zf": {
                    "component": "Zend\\Form",
                    "config-provider": "Zend\\Form\\ConfigProvider"
                }
            },
            "autoload": {
                "psr-4": {
                    "Zend\\Form\\": "src/"
                }
            },
            "notification-url": "https://packagist.org/downloads/",
            "license": [
                "BSD-3-Clause"
            ],
            "homepage": "https://github.com/zendframework/zend-form",
            "keywords": [
                "form",
                "zf2"
            ],
            "time": "2016-04-07 22:29:50"
        },
        {
            "name": "zendframework/zend-hydrator",
            "version": "dev-develop",
            "source": {
                "type": "git",
                "url": "https://github.com/zendframework/zend-hydrator.git",
                "reference": "4b5f98f1c02d80064f23c8b41bdb6d5191d1c0af"
            },
            "dist": {
                "type": "zip",
                "url": "https://api.github.com/repos/zendframework/zend-hydrator/zipball/4b5f98f1c02d80064f23c8b41bdb6d5191d1c0af",
                "reference": "4b5f98f1c02d80064f23c8b41bdb6d5191d1c0af",
                "shasum": ""
            },
            "require": {
                "php": "^5.5 || ^7.0",
                "zendframework/zend-stdlib": "^3.0"
            },
            "require-dev": {
                "phpunit/phpunit": "^4.5",
                "squizlabs/php_codesniffer": "^2.3.1",
                "zendframework/zend-eventmanager": "^3.0",
                "zendframework/zend-filter": "^2.6",
                "zendframework/zend-inputfilter": "^2.6",
                "zendframework/zend-serializer": "^2.6.1",
                "zendframework/zend-servicemanager": "^2.7.5 || ^3.0.3"
            },
            "suggest": {
                "zendframework/zend-eventmanager": "^2.6.2 || ^3.0, to support aggregate hydrator usage",
                "zendframework/zend-filter": "^2.6, to support naming strategy hydrator usage",
                "zendframework/zend-serializer": "^2.6.1, to use the SerializableStrategy",
                "zendframework/zend-servicemanager": "^2.7.5 || ^3.0.3, to support hydrator plugin manager usage"
            },
            "type": "library",
            "extra": {
                "branch-alias": {
                    "dev-release-1.0": "1.0-dev",
                    "dev-release-1.1": "1.1-dev",
                    "dev-master": "2.2-dev",
                    "dev-develop": "2.3-dev"
                },
                "zf": {
                    "component": "Zend\\Hydrator",
                    "config-provider": "Zend\\Hydrator\\ConfigProvider"
                }
            },
            "autoload": {
                "psr-4": {
                    "Zend\\Hydrator\\": "src/"
                }
            },
            "notification-url": "https://packagist.org/downloads/",
            "license": [
                "BSD-3-Clause"
            ],
            "homepage": "https://github.com/zendframework/zend-hydrator",
            "keywords": [
                "hydrator",
                "zf2"
            ],
            "time": "2016-04-07 13:55:49"
        },
        {
            "name": "zendframework/zend-inputfilter",
            "version": "dev-develop",
            "source": {
                "type": "git",
                "url": "https://github.com/zendframework/zend-inputfilter.git",
                "reference": "ff4d9c08b2c804b6e9702df0b36c51daf6e6961b"
            },
            "dist": {
                "type": "zip",
                "url": "https://api.github.com/repos/zendframework/zend-inputfilter/zipball/ff4d9c08b2c804b6e9702df0b36c51daf6e6961b",
                "reference": "ff4d9c08b2c804b6e9702df0b36c51daf6e6961b",
                "shasum": ""
            },
            "require": {
                "php": "^5.5 || ^7.0",
                "zendframework/zend-filter": "^2.6",
                "zendframework/zend-stdlib": "^2.7 || ^3.0",
                "zendframework/zend-validator": "^2.6"
            },
            "require-dev": {
                "fabpot/php-cs-fixer": "1.7.*",
                "phpunit/phpunit": "^4.5",
                "zendframework/zend-servicemanager": "^2.7.5 || ^3.0.3"
            },
            "suggest": {
                "zendframework/zend-servicemanager": "To support plugin manager support"
            },
            "type": "library",
            "extra": {
                "branch-alias": {
                    "dev-master": "2.7-dev",
                    "dev-develop": "2.8-dev"
                },
                "zf": {
                    "component": "Zend\\InputFilter",
                    "config-provider": "Zend\\InputFilter\\ConfigProvider"
                }
            },
            "autoload": {
                "psr-4": {
                    "Zend\\InputFilter\\": "src/"
                }
            },
            "notification-url": "https://packagist.org/downloads/",
            "license": [
                "BSD-3-Clause"
            ],
            "homepage": "https://github.com/zendframework/zend-inputfilter",
            "keywords": [
                "inputfilter",
                "zf2"
            ],
            "time": "2016-04-07 16:14:39"
        },
        {
            "name": "zendframework/zend-stdlib",
            "version": "dev-develop",
            "source": {
                "type": "git",
                "url": "https://github.com/zendframework/zend-stdlib.git",
                "reference": "0e5191d480c6aa4afe9c31b04d7ac3a3f87b5040"
            },
            "dist": {
                "type": "zip",
                "url": "https://api.github.com/repos/zendframework/zend-stdlib/zipball/0e5191d480c6aa4afe9c31b04d7ac3a3f87b5040",
                "reference": "0e5191d480c6aa4afe9c31b04d7ac3a3f87b5040",
                "shasum": ""
            },
            "require": {
                "php": "^5.5 || ^7.0"
            },
            "require-dev": {
                "athletic/athletic": "~0.1",
                "fabpot/php-cs-fixer": "1.7.*",
                "phpunit/phpunit": "~4.0"
            },
            "type": "library",
            "extra": {
                "branch-alias": {
                    "dev-master": "3.0-dev",
                    "dev-develop": "3.1-dev"
                }
            },
            "autoload": {
                "psr-4": {
                    "Zend\\Stdlib\\": "src/"
                }
            },
            "notification-url": "https://packagist.org/downloads/",
            "license": [
                "BSD-3-Clause"
            ],
            "homepage": "https://github.com/zendframework/zend-stdlib",
            "keywords": [
                "stdlib",
                "zf2"
            ],
            "time": "2016-03-07 15:50:04"
        },
        {
            "name": "zendframework/zend-validator",
            "version": "dev-develop",
            "source": {
                "type": "git",
                "url": "https://github.com/zendframework/zend-validator.git",
                "reference": "7b89424b6782b636e08f00f3d2fc732b0adaa485"
            },
            "dist": {
                "type": "zip",
                "url": "https://api.github.com/repos/zendframework/zend-validator/zipball/7b89424b6782b636e08f00f3d2fc732b0adaa485",
                "reference": "7b89424b6782b636e08f00f3d2fc732b0adaa485",
                "shasum": ""
            },
            "require": {
                "container-interop/container-interop": "^1.1",
                "php": "^5.5 || ^7.0",
                "zendframework/zend-stdlib": "^2.7 || ^3.0"
            },
            "require-dev": {
                "fabpot/php-cs-fixer": "1.7.*",
                "phpunit/phpunit": "^4.0",
                "zendframework/zend-cache": "^2.6.1",
                "zendframework/zend-config": "^2.6",
                "zendframework/zend-db": "^2.7",
                "zendframework/zend-filter": "^2.6",
                "zendframework/zend-http": "^2.5.4",
                "zendframework/zend-i18n": "^2.6",
                "zendframework/zend-math": "^2.6",
                "zendframework/zend-servicemanager": "^2.7.5 || ^3.0.3",
                "zendframework/zend-session": "^2.6.2",
                "zendframework/zend-uri": "^2.5"
            },
            "suggest": {
                "zendframework/zend-db": "Zend\\Db component",
                "zendframework/zend-filter": "Zend\\Filter component, required by the Digits validator",
                "zendframework/zend-i18n": "Zend\\I18n component to allow translation of validation error messages as well as to use the various Date validators",
                "zendframework/zend-i18n-resources": "Translations of validator messages",
                "zendframework/zend-math": "Zend\\Math component",
                "zendframework/zend-servicemanager": "Zend\\ServiceManager component to allow using the ValidatorPluginManager and validator chains",
                "zendframework/zend-session": "Zend\\Session component",
                "zendframework/zend-uri": "Zend\\Uri component, required by the Uri and Sitemap\\Loc validators"
            },
            "type": "library",
            "extra": {
                "branch-alias": {
                    "dev-master": "2.7-dev",
                    "dev-develop": "2.8-dev"
                },
                "zf": {
                    "component": "Zend\\Validator",
                    "config-provider": "Zend\\Validator\\ConfigProvider"
                }
            },
            "autoload": {
                "psr-4": {
                    "Zend\\Validator\\": "src/"
                }
            },
            "notification-url": "https://packagist.org/downloads/",
            "license": [
                "BSD-3-Clause"
            ],
            "description": "provides a set of commonly needed validators",
            "homepage": "https://github.com/zendframework/zend-validator",
            "keywords": [
                "validator",
                "zf2"
            ],
            "time": "2016-04-06 15:46:04"
        }
    ],
    "packages-dev": [],
    "aliases": [],
    "minimum-stability": "dev",
    "stability-flags": {
        "back-2-95/fields": 20
    },
    "prefer-stable": false,
    "prefer-lowest": false,
    "platform": [],
    "platform-dev": []
}
